
Microsoft Visual Studio Solution File, Format Version 12.00
# Visual Studio 15
VisualStudioVersion = 15.0.27703.2026
MinimumVisualStudioVersion = 10.0.40219.1
Project("{FAE04EC0-301F-11D3-BF4B-00C04F79EFBC}") = "WSApplication", "WSApplication\WSApplication.csproj", "{5599969A-E298-486B-8CFA-937C1CEB4092}"
EndProject
Project("{FAE04EC0-301F-11D3-BF4B-00C04F79EFBC}") = "WSBussinnesLayer", "WSBussinnesLayer\WSBussinnesLayer.csproj", "{5A66E495-45E8-4A69-83BF-805E47903330}"
EndProject
Project("{FAE04EC0-301F-11D3-BF4B-00C04F79EFBC}") = "WSDAOLayer", "WSDAOLayer\WSDAOLayer.csproj", "{F276DCE9-26C6-4B01-8B06-6A81E3F555E9}"
EndProject
Project("{FAE04EC0-301F-11D3-BF4B-00C04F79EFBC}") = "DTO", "DTO\DTO.csproj", "{659764B7-4E77-4991-B12B-F1FD50268646}"
EndProject
Global
	GlobalSection(SolutionConfigurationPlatforms) = preSolution
		Debug|Any CPU = Debug|Any CPU
		Debug|Mixed Platforms = Debug|Mixed Platforms
		Debug|x86 = Debug|x86
		Release|Any CPU = Release|Any CPU
		Release|Mixed Platforms = Release|Mixed Platforms
		Release|x86 = Release|x86
	EndGlobalSection
	GlobalSection(ProjectConfigurationPlatforms) = postSolution
		{5599969A-E298-486B-8CFA-937C1CEB4092}.Debug|Any CPU.ActiveCfg = Debug|Any CPU
		{5599969A-E298-486B-8CFA-937C1CEB4092}.Debug|Any CPU.Build.0 = Debug|Any CPU
		{5599969A-E298-486B-8CFA-937C1CEB4092}.Debug|Mixed Platforms.ActiveCfg = Debug|Any CPU
		{5599969A-E298-486B-8CFA-937C1CEB4092}.Debug|Mixed Platforms.Build.0 = Debug|Any CPU
		{5599969A-E298-486B-8CFA-937C1CEB4092}.Debug|x86.ActiveCfg = Debug|Any CPU
		{5599969A-E298-486B-8CFA-937C1CEB4092}.Release|Any CPU.ActiveCfg = Release|Any CPU
		{5599969A-E298-486B-8CFA-937C1CEB4092}.Release|Any CPU.Build.0 = Release|Any CPU
		{5599969A-E298-486B-8CFA-937C1CEB4092}.Release|Mixed Platforms.ActiveCfg = Release|Any CPU
		{5599969A-E298-486B-8CFA-937C1CEB4092}.Release|Mixed Platforms.Build.0 = Release|Any CPU
		{5599969A-E298-486B-8CFA-937C1CEB4092}.Release|x86.ActiveCfg = Release|Any CPU
		{5A66E495-45E8-4A69-83BF-805E47903330}.Debug|Any CPU.ActiveCfg = Debug|x86
		{5A66E495-45E8-4A69-83BF-805E47903330}.Debug|Mixed Platforms.ActiveCfg = Debug|x86
		{5A66E495-45E8-4A69-83BF-805E47903330}.Debug|Mixed Platforms.Build.0 = Debug|x86
		{5A66E495-45E8-4A69-83BF-805E47903330}.Debug|x86.ActiveCfg = Debug|x86
		{5A66E495-45E8-4A69-83BF-805E47903330}.Debug|x86.Build.0 = Debug|x86
		{5A66E495-45E8-4A69-83BF-805E47903330}.Release|Any CPU.ActiveCfg = Release|x86
		{5A66E495-45E8-4A69-83BF-805E47903330}.Release|Mixed Platforms.ActiveCfg = Release|x86
		{5A66E495-45E8-4A69-83BF-805E47903330}.Release|Mixed Platforms.Build.0 = Release|x86
		{5A66E495-45E8-4A69-83BF-805E47903330}.Release|x86.ActiveCfg = Release|x86
		{5A66E495-45E8-4A69-83BF-805E47903330}.Release|x86.Build.0 = Release|x86
		{F276DCE9-26C6-4B01-8B06-6A81E3F555E9}.Debug|Any CPU.ActiveCfg = Debug|x86
		{F276DCE9-26C6-4B01-8B06-6A81E3F555E9}.Debug|Mixed Platforms.ActiveCfg = Debug|x86
		{F276DCE9-26C6-4B01-8B06-6A81E3F555E9}.Debug|Mixed Platforms.Build.0 = Debug|x86
		{F276DCE9-26C6-4B01-8B06-6A81E3F555E9}.Debug|x86.ActiveCfg = Debug|x86
		{F276DCE9-26C6-4B01-8B06-6A81E3F555E9}.Debug|x86.Build.0 = Debug|x86
		{F276DCE9-26C6-4B01-8B06-6A81E3F555E9}.Release|Any CPU.ActiveCfg = Release|x86
		{F276DCE9-26C6-4B01-8B06-6A81E3F555E9}.Release|Mixed Platforms.ActiveCfg = Release|x86
		{F276DCE9-26C6-4B01-8B06-6A81E3F555E9}.Release|Mixed Platforms.Build.0 = Release|x86
		{F276DCE9-26C6-4B01-8B06-6A81E3F555E9}.Release|x86.ActiveCfg = Release|x86
		{F276DCE9-26C6-4B01-8B06-6A81E3F555E9}.Release|x86.Build.0 = Release|x86
		{659764B7-4E77-4991-B12B-F1FD50268646}.Debug|Any CPU.ActiveCfg = Debug|x86
		{659764B7-4E77-4991-B12B-F1FD50268646}.Debug|Mixed Platforms.ActiveCfg = Debug|x86
		{659764B7-4E77-4991-B12B-F1FD50268646}.Debug|Mixed Platforms.Build.0 = Debug|x86
		{659764B7-4E77-4991-B12B-F1FD50268646}.Debug|x86.ActiveCfg = Debug|x86
		{659764B7-4E77-4991-B12B-F1FD50268646}.Debug|x86.Build.0 = Debug|x86
		{659764B7-4E77-4991-B12B-F1FD50268646}.Release|Any CPU.ActiveCfg = Release|x86
		{659764B7-4E77-4991-B12B-F1FD50268646}.Release|Mixed Platforms.ActiveCfg = Release|x86
		{659764B7-4E77-4991-B12B-F1FD50268646}.Release|Mixed Platforms.Build.0 = Release|x86
		{659764B7-4E77-4991-B12B-F1FD50268646}.Release|x86.ActiveCfg = Release|x86
		{659764B7-4E77-4991-B12B-F1FD50268646}.Release|x86.Build.0 = Release|x86
	EndGlobalSection
	GlobalSection(SolutionProperties) = preSolution
		HideSolutionNode = FALSE
	EndGlobalSection
	GlobalSection(ExtensibilityGlobals) = postSolution
		SolutionGuid = {F4087B51-1A57-4053-AA0E-556B307B664B}
	EndGlobalSection
EndGlobal
